Microsoft Visual Studio Solution File, Format Version 12.00
# Visual Studio 14
VisualStudioVersion = 14.0.25420.1
MinimumVisualStudioVersion = 10.0.40219.1
Project("{FAE04EC0-301F-11D3-BF4B-00C04F79EFBC}") = "CrossDeviceSearch", "CrossDeviceSearch\CrossDeviceSearch\CrossDeviceSearch.csproj", "{F724B962-BF22-4690-B0DA-4B8CBB2D413B}"
EndProject
Project("{FAE04EC0-301F-11D3-BF4B-00C04F79EFBC}") = "CrossDeviceSearch.UWP", "CrossDeviceSearch\CrossDeviceSearch.UWP\CrossDeviceSearch.UWP.csproj", "{47DC09B1-182E-4C61-B794-31A4E37F860E}"
EndProject
Project("{FAE04EC0-301F-11D3-BF4B-00C04F79EFBC}") = "CrossDeviceSearch.Droid", "CrossDeviceSearch\SearchBarDemo.Droid\CrossDeviceSearch.Droid.csproj", "{EAFAE842-B352-4C62-B6C6-152BFCC8EF38}"
EndProject
Project("{FAE04EC0-301F-11D3-BF4B-00C04F79EFBC}") = "ServiceInterface", "ServiceInterface\ServiceInterface.csproj", "{67F9D3A8-F71E-4428-913F-C37AE82CDB24}"
EndProject
Project("{FAE04EC0-301F-11D3-BF4B-00C04F79EFBC}") = "ServiceMock", "ServiceMock\ServiceMock.csproj", "{67EA4A76-6E37-4F6C-A6A8-2DEC012BAF34}"
EndProject
Global
	GlobalSection(SolutionConfigurationPlatforms) = preSolution
		Debug|Any CPU = Debug|Any CPU
		Debug|ARM = Debug|ARM
		Debug|x64 = Debug|x64
		Debug|x86 = Debug|x86
		Release|Any CPU = Release|Any CPU
		Release|ARM = Release|ARM
		Release|x64 = Release|x64
		Release|x86 = Release|x86
	EndGlobalSection
	GlobalSection(ProjectConfigurationPlatforms) = postSolution
		{F724B962-BF22-4690-B0DA-4B8CBB2D413B}.Debug|Any CPU.ActiveCfg = Debug|Any CPU
		{F724B962-BF22-4690-B0DA-4B8CBB2D413B}.Debug|Any CPU.Build.0 = Debug|Any CPU
		{F724B962-BF22-4690-B0DA-4B8CBB2D413B}.Debug|ARM.ActiveCfg = Debug|Any CPU
		{F724B962-BF22-4690-B0DA-4B8CBB2D413B}.Debug|ARM.Build.0 = Debug|Any CPU
		{F724B962-BF22-4690-B0DA-4B8CBB2D413B}.Debug|x64.ActiveCfg = Debug|Any CPU
		{F724B962-BF22-4690-B0DA-4B8CBB2D413B}.Debug|x64.Build.0 = Debug|Any CPU
		{F724B962-BF22-4690-B0DA-4B8CBB2D413B}.Debug|x86.ActiveCfg = Debug|Any CPU
		{F724B962-BF22-4690-B0DA-4B8CBB2D413B}.Debug|x86.Build.0 = Debug|Any CPU
		{F724B962-BF22-4690-B0DA-4B8CBB2D413B}.Release|Any CPU.ActiveCfg = Release|Any CPU
		{F724B962-BF22-4690-B0DA-4B8CBB2D413B}.Release|Any CPU.Build.0 = Release|Any CPU
		{F724B962-BF22-4690-B0DA-4B8CBB2D413B}.Release|ARM.ActiveCfg = Release|Any CPU
		{F724B962-BF22-4690-B0DA-4B8CBB2D413B}.Release|ARM.Build.0 = Release|Any CPU
		{F724B962-BF22-4690-B0DA-4B8CBB2D413B}.Release|x64.ActiveCfg = Release|Any CPU
		{F724B962-BF22-4690-B0DA-4B8CBB2D413B}.Release|x64.Build.0 = Release|Any CPU
		{F724B962-BF22-4690-B0DA-4B8CBB2D413B}.Release|x86.ActiveCfg = Release|Any CPU
		{F724B962-BF22-4690-B0DA-4B8CBB2D413B}.Release|x86.Build.0 = Release|Any CPU
		{47DC09B1-182E-4C61-B794-31A4E37F860E}.Debug|Any CPU.ActiveCfg = Debug|x86
		{47DC09B1-182E-4C61-B794-31A4E37F860E}.Debug|Any CPU.Build.0 = Debug|x86
		{47DC09B1-182E-4C61-B794-31A4E37F860E}.Debug|Any CPU.Deploy.0 = Debug|x86
		{47DC09B1-182E-4C61-B794-31A4E37F860E}.Debug|ARM.ActiveCfg = Debug|ARM
		{47DC09B1-182E-4C61-B794-31A4E37F860E}.Debug|ARM.Build.0 = Debug|ARM
		{47DC09B1-182E-4C61-B794-31A4E37F860E}.Debug|ARM.Deploy.0 = Debug|ARM
		{47DC09B1-182E-4C61-B794-31A4E37F860E}.Debug|x64.ActiveCfg = Debug|x64
		{47DC09B1-182E-4C61-B794-31A4E37F860E}.Debug|x64.Build.0 = Debug|x64
		{47DC09B1-182E-4C61-B794-31A4E37F860E}.Debug|x64.Deploy.0 = Debug|x64
		{47DC09B1-182E-4C61-B794-31A4E37F860E}.Debug|x86.ActiveCfg = Debug|x86
		{47DC09B1-182E-4C61-B794-31A4E37F860E}.Debug|x86.Build.0 = Debug|x86
		{47DC09B1-182E-4C61-B794-31A4E37F860E}.Debug|x86.Deploy.0 = Debug|x86
		{47DC09B1-182E-4C61-B794-31A4E37F860E}.Release|Any CPU.ActiveCfg = Release|x86
		{47DC09B1-182E-4C61-B794-31A4E37F860E}.Release|ARM.ActiveCfg = Release|ARM
		{47DC09B1-182E-4C61-B794-31A4E37F860E}.Release|ARM.Build.0 = Release|ARM
		{47DC09B1-182E-4C61-B794-31A4E37F860E}.Release|ARM.Deploy.0 = Release|ARM
		{47DC09B1-182E-4C61-B794-31A4E37F860E}.Release|x64.ActiveCfg = Release|x64
		{47DC09B1-182E-4C61-B794-31A4E37F860E}.Release|x64.Build.0 = Release|x64
		{47DC09B1-182E-4C61-B794-31A4E37F860E}.Release|x64.Deploy.0 = Release|x64
		{47DC09B1-182E-4C61-B794-31A4E37F860E}.Release|x86.ActiveCfg = Release|x86
		{47DC09B1-182E-4C61-B794-31A4E37F860E}.Release|x86.Build.0 = Release|x86
		{47DC09B1-182E-4C61-B794-31A4E37F860E}.Release|x86.Deploy.0 = Release|x86
		{EAFAE842-B352-4C62-B6C6-152BFCC8EF38}.Debug|Any CPU.ActiveCfg = Debug|Any CPU
		{EAFAE842-B352-4C62-B6C6-152BFCC8EF38}.Debug|Any CPU.Build.0 = Debug|Any CPU
		{EAFAE842-B352-4C62-B6C6-152BFCC8EF38}.Debug|Any CPU.Deploy.0 = Debug|Any CPU
		{EAFAE842-B352-4C62-B6C6-152BFCC8EF38}.Debug|ARM.ActiveCfg = Debug|Any CPU
		{EAFAE842-B352-4C62-B6C6-152BFCC8EF38}.Debug|ARM.Build.0 = Debug|Any CPU
		{EAFAE842-B352-4C62-B6C6-152BFCC8EF38}.Debug|ARM.Deploy.0 = Debug|Any CPU
		{EAFAE842-B352-4C62-B6C6-152BFCC8EF38}.Debug|x64.ActiveCfg = Debug|Any CPU
		{EAFAE842-B352-4C62-B6C6-152BFCC8EF38}.Debug|x64.Build.0 = Debug|Any CPU
		{EAFAE842-B352-4C62-B6C6-152BFCC8EF38}.Debug|x64.Deploy.0 = Debug|Any CPU
		{EAFAE842-B352-4C62-B6C6-152BFCC8EF38}.Debug|x86.ActiveCfg = Debug|Any CPU
		{EAFAE842-B352-4C62-B6C6-152BFCC8EF38}.Debug|x86.Build.0 = Debug|Any CPU
		{EAFAE842-B352-4C62-B6C6-152BFCC8EF38}.Debug|x86.Deploy.0 = Debug|Any CPU
		{EAFAE842-B352-4C62-B6C6-152BFCC8EF38}.Release|Any CPU.ActiveCfg = Release|Any CPU
		{EAFAE842-B352-4C62-B6C6-152BFCC8EF38}.Release|Any CPU.Build.0 = Release|Any CPU
		{EAFAE842-B352-4C62-B6C6-152BFCC8EF38}.Release|Any CPU.Deploy.0 = Release|Any CPU
		{EAFAE842-B352-4C62-B6C6-152BFCC8EF38}.Release|ARM.ActiveCfg = Release|Any CPU
		{EAFAE842-B352-4C62-B6C6-152BFCC8EF38}.Release|ARM.Build.0 = Release|Any CPU
		{EAFAE842-B352-4C62-B6C6-152BFCC8EF38}.Release|ARM.Deploy.0 = Release|Any CPU
		{EAFAE842-B352-4C62-B6C6-152BFCC8EF38}.Release|x64.ActiveCfg = Release|Any CPU
		{EAFAE842-B352-4C62-B6C6-152BFCC8EF38}.Release|x64.Build.0 = Release|Any CPU
		{EAFAE842-B352-4C62-B6C6-152BFCC8EF38}.Release|x64.Deploy.0 = Release|Any CPU
		{EAFAE842-B352-4C62-B6C6-152BFCC8EF38}.Release|x86.ActiveCfg = Release|Any CPU
		{EAFAE842-B352-4C62-B6C6-152BFCC8EF38}.Release|x86.Build.0 = Release|Any CPU
		{EAFAE842-B352-4C62-B6C6-152BFCC8EF38}.Release|x86.Deploy.0 = Release|Any CPU
		{67F9D3A8-F71E-4428-913F-C37AE82CDB24}.Debug|Any CPU.ActiveCfg = Debug|Any CPU
		{67F9D3A8-F71E-4428-913F-C37AE82CDB24}.Debug|Any CPU.Build.0 = Debug|Any CPU
		{67F9D3A8-F71E-4428-913F-C37AE82CDB24}.Debug|ARM.ActiveCfg = Debug|Any CPU
		{67F9D3A8-F71E-4428-913F-C37AE82CDB24}.Debug|ARM.Build.0 = Debug|Any CPU
		{67F9D3A8-F71E-4428-913F-C37AE82CDB24}.Debug|x64.ActiveCfg = Debug|Any CPU
		{67F9D3A8-F71E-4428-913F-C37AE82CDB24}.Debug|x64.Build.0 = Debug|Any CPU
		{67F9D3A8-F71E-4428-913F-C37AE82CDB24}.Debug|x86.ActiveCfg = Debug|Any CPU
		{67F9D3A8-F71E-4428-913F-C37AE82CDB24}.Debug|x86.Build.0 = Debug|Any CPU
		{67F9D3A8-F71E-4428-913F-C37AE82CDB24}.Release|Any CPU.ActiveCfg = Release|Any CPU
		{67F9D3A8-F71E-4428-913F-C37AE82CDB24}.Release|Any CPU.Build.0 = Release|Any CPU
		{67F9D3A8-F71E-4428-913F-C37AE82CDB24}.Release|ARM.ActiveCfg = Release|Any CPU
		{67F9D3A8-F71E-4428-913F-C37AE82CDB24}.Release|ARM.Build.0 = Release|Any CPU
		{67F9D3A8-F71E-4428-913F-C37AE82CDB24}.Release|x64.ActiveCfg = Release|Any CPU
		{67F9D3A8-F71E-4428-913F-C37AE82CDB24}.Release|x64.Build.0 = Release|Any CPU
		{67F9D3A8-F71E-4428-913F-C37AE82CDB24}.Release|x86.ActiveCfg = Release|Any CPU
		{67F9D3A8-F71E-4428-913F-C37AE82CDB24}.Release|x86.Build.0 = Release|Any CPU
		{67EA4A76-6E37-4F6C-A6A8-2DEC012BAF34}.Debug|Any CPU.ActiveCfg = Debug|Any CPU
		{67EA4A76-6E37-4F6C-A6A8-2DEC012BAF34}.Debug|Any CPU.Build.0 = Debug|Any CPU
		{67EA4A76-6E37-4F6C-A6A8-2DEC012BAF34}.Debug|ARM.ActiveCfg = Debug|Any CPU
		{67EA4A76-6E37-4F6C-A6A8-2DEC012BAF34}.Debug|ARM.Build.0 = Debug|Any CPU
		{67EA4A76-6E37-4F6C-A6A8-2DEC012BAF34}.Debug|x64.ActiveCfg = Debug|Any CPU
		{67EA4A76-6E37-4F6C-A6A8-2DEC012BAF34}.Debug|x64.Build.0 = Debug|Any CPU
		{67EA4A76-6E37-4F6C-A6A8-2DEC012BAF34}.Debug|x86.ActiveCfg = Debug|Any CPU
		{67EA4A76-6E37-4F6C-A6A8-2DEC012BAF34}.Debug|x86.Build.0 = Debug|Any CPU
		{67EA4A76-6E37-4F6C-A6A8-2DEC012BAF34}.Release|Any CPU.ActiveCfg = Release|Any CPU
		{67EA4A76-6E37-4F6C-A6A8-2DEC012BAF34}.Release|Any CPU.Build.0 = Release|Any CPU
		{67EA4A76-6E37-4F6C-A6A8-2DEC012BAF34}.Release|ARM.ActiveCfg = Release|Any CPU
		{67EA4A76-6E37-4F6C-A6A8-2DEC012BAF34}.Release|ARM.Build.0 = Release|Any CPU
		{67EA4A76-6E37-4F6C-A6A8-2DEC012BAF34}.Release|x64.ActiveCfg = Release|Any CPU
		{67EA4A76-6E37-4F6C-A6A8-2DEC012BAF34}.Release|x64.Build.0 = Release|Any CPU
		{67EA4A76-6E37-4F6C-A6A8-2DEC012BAF34}.Release|x86.ActiveCfg = Release|Any CPU
		{67EA4A76-6E37-4F6C-A6A8-2DEC012BAF34}.Release|x86.Build.0 = Release|Any CPU
	EndGlobalSection
	GlobalSection(SolutionProperties) = preSolution
		HideSolutionNode = FALSE
	EndGlobalSection
EndGlobal
